
Microsoft Visual Studio Solution File, Format Version 12.00
# Visual Studio Version 16
VisualStudioVersion = 16.0.30114.105
MinimumVisualStudioVersion = 10.0.40219.1
Project("{FAE04EC0-301F-11D3-BF4B-00C04F79EFBC}") = "MovieStoreWebApi", "MovieStoreWebApi\MovieStoreWebApi.csproj", "{1952F0EA-0838-4CE3-AC6D-FE908D8C561A}"
EndProject
Project("{2150E333-8FDC-42A3-9474-1A3956D46DE8}") = "Tests", "Tests", "{D9F096A1-682D-4691-8F8B-B6134C5C6110}"
EndProject
Project("{FAE04EC0-301F-11D3-BF4B-00C04F79EFBC}") = "WebApi.UnitTests", "Tests\WebApi.UnitTests\WebApi.UnitTests.csproj", "{47778AF5-B101-496F-9779-58BA2E73980E}"
EndProject
Global
	GlobalSection(SolutionConfigurationPlatforms) = preSolution
		Debug|Any CPU = Debug|Any CPU
		Release|Any CPU = Release|Any CPU
	EndGlobalSection
	GlobalSection(SolutionProperties) = preSolution
		HideSolutionNode = FALSE
	EndGlobalSection
	GlobalSection(ProjectConfigurationPlatforms) = postSolution
		{1952F0EA-0838-4CE3-AC6D-FE908D8C561A}.Debug|Any CPU.ActiveCfg = Debug|Any CPU
		{1952F0EA-0838-4CE3-AC6D-FE908D8C561A}.Debug|Any CPU.Build.0 = Debug|Any CPU
		{1952F0EA-0838-4CE3-AC6D-FE908D8C561A}.Release|Any CPU.ActiveCfg = Release|Any CPU
		{1952F0EA-0838-4CE3-AC6D-FE908D8C561A}.Release|Any CPU.Build.0 = Release|Any CPU
		{47778AF5-B101-496F-9779-58BA2E73980E}.Debug|Any CPU.ActiveCfg = Debug|Any CPU
		{47778AF5-B101-496F-9779-58BA2E73980E}.Debug|Any CPU.Build.0 = Debug|Any CPU
		{47778AF5-B101-496F-9779-58BA2E73980E}.Release|Any CPU.ActiveCfg = Release|Any CPU
		{47778AF5-B101-496F-9779-58BA2E73980E}.Release|Any CPU.Build.0 = Release|Any CPU
	EndGlobalSection
	GlobalSection(NestedProjects) = preSolution
		{47778AF5-B101-496F-9779-58BA2E73980E} = {D9F096A1-682D-4691-8F8B-B6134C5C6110}
	EndGlobalSection
EndGlobal
